{
  "name": "websocketaddon",
  "version": "0.1.0",
  "lockfileVersion": 3,
  "requires": true,
  "packages": {
    "": {
      "name": "websocketaddon",
      "version": "0.1.0",
      "license": "MIT",
      "dependencies": {
        "@minecraft/server": "^1.18.0-beta.1.21.61-stable",
        "@minecraft/server-ui": "^1.4.0-beta.1.21.61-stable"
      },
      "devDependencies": {
        "@minecraft/vanilla-data": "^1.21.62"
      }
    },
    "node_modules/@minecraft/common": {
      "version": "1.2.0",
      "resolved": "https://registry.npmjs.org/@minecraft/common/-/common-1.2.0.tgz",
      "integrity": "sha512-JdmEq4P3Z/FtoBzhLijFgMSVFnFRrUoLwY8DHHrgtFo0mfLTOLTB1RErYjLMsA6b7BGVNxkX/pfFRiH7QZ0XwQ=="
    },
    "node_modules/@minecraft/server": {
      "version": "1.18.0-beta.1.21.61-stable",
      "resolved": "https://registry.npmjs.org/@minecraft/server/-/server-1.18.0-beta.1.21.61-stable.tgz",
      "integrity": "sha512-kGF6pu5tfpp+UXHimzR6kdXWhZ0cBBqvPe5t4trv1XQfeT3PA/NYca7ClP9WDMhvwGN3Q4bP+5EGHTLbWqnfWQ==",
      "dependencies": {
        "@minecraft/common": "^1.1.0"
      },
      "peerDependencies": {
        "@minecraft/vanilla-data": ">=1.20.70"
      }
    },
    "node_modules/@minecraft/server-ui": {
      "version": "1.4.0-beta.1.21.61-stable",
      "resolved": "https://registry.npmjs.org/@minecraft/server-ui/-/server-ui-1.4.0-beta.1.21.61-stable.tgz",
      "integrity": "sha512-rjcYSd2rNxQUe9WYCozJW9JTFQZ24+nNKnHm7SPl+mPdPWW4BFgJoIkKHjc1TcIFmdPQr6p2M4aDyCfKdcmwmQ==",
      "dependencies": {
        "@minecraft/common": "^1.0.0",
        "@minecraft/server": "^1.8.0"
      }
    },
    "node_modules/@minecraft/server-ui/node_modules/@minecraft/server": {
      "version": "1.17.0",
      "resolved": "https://registry.npmjs.org/@minecraft/server/-/server-1.17.0.tgz",
      "integrity": "sha512-wiirWhwGcUexaPTxsJ6es7pHVil0o6dG6YCUKBeMOfgZI4x8Rt2MP6UQhgEj7NqlCwzk39/EdRoiVyEx4davJQ==",
      "dependencies": {
        "@minecraft/common": "^1.1.0"
      }
    },
    "node_modules/@minecraft/vanilla-data": {
      "version": "1.21.62",
      "resolved": "https://registry.npmjs.org/@minecraft/vanilla-data/-/vanilla-data-1.21.62.tgz",
      "integrity": "sha512-FXUx5hPkIcLsbIXlBrCw5JPGo1V3RwHE7I1qYjD/Z+HlajRJPHy9UzYwTcei+aRQW5NWR8Zg0vIhP3l2+Q2aMA==",
      "license": "MIT"
    }
  }
}
